// !$*UTF8*$!
{
	archiveVersion = 1;
	classes = {
	};
	objectVersion = 56;
	objects = {

/* Begin PBXBuildFile section */
		7279C26F2925316900E27577 /* SecretPineApp.swift in Sources */ = {isa = PBXBuildFile; fileRef = 7279C26E2925316900E27577 /* SecretPineApp.swift */; };
		7279C2712925316900E27577 /* ContentView.swift in Sources */ = {isa = PBXBuildFile; fileRef = 7279C2702925316900E27577 /* ContentView.swift */; };
		7279C2732925316A00E27577 /* Assets.xcassets in Resources */ = {isa = PBXBuildFile; fileRef = 7279C2722925316A00E27577 /* Assets.xcassets */; };
		7279C2762925316A00E27577 /* Preview Assets.xcassets in Resources */ = {isa = PBXBuildFile; fileRef = 7279C2752925316A00E27577 /* Preview Assets.xcassets */; };
		7279C27E292531A100E27577 /* MCService.swift in Sources */ = {isa = PBXBuildFile; fileRef = 7279C27D292531A100E27577 /* MCService.swift */; };
		7279C2812925325000E27577 /* Constants.swift in Sources */ = {isa = PBXBuildFile; fileRef = 7279C2802925325000E27577 /* Constants.swift */; };
		7279C2842925328B00E27577 /* PineAwaitView.swift in Sources */ = {isa = PBXBuildFile; fileRef = 7279C2832925328B00E27577 /* PineAwaitView.swift */; };
		7279C2862925332200E27577 /* MessagesView.swift in Sources */ = {isa = PBXBuildFile; fileRef = 7279C2852925332200E27577 /* MessagesView.swift */; };
		7279C28929278DC800E27577 /* HostView.swift in Sources */ = {isa = PBXBuildFile; fileRef = 7279C28829278DC800E27577 /* HostView.swift */; };
/* End PBXBuildFile section */

/* Begin PBXFileReference section */
		7279C26B2925316900E27577 /* SecretPine.app */ = {isa = PBXFileReference; explicitFileType = wrapper.application; includeInIndex = 0; path = SecretPine.app; sourceTree = BUILT_PRODUCTS_DIR; };
		7279C26E2925316900E27577 /* SecretPineApp.swift */ = {isa = PBXFileReference; lastKnownFileType = sourcecode.swift; path = SecretPineApp.swift; sourceTree = "<group>"; };
		7279C2702925316900E27577 /* ContentView.swift */ = {isa = PBXFileReference; lastKnownFileType = sourcecode.swift; path = ContentView.swift; sourceTree = "<group>"; };
		7279C2722925316A00E27577 /* Assets.xcassets */ = {isa = PBXFileReference; lastKnownFileType = folder.assetcatalog; path = Assets.xcassets; sourceTree = "<group>"; };
		7279C2752925316A00E27577 /* Preview Assets.xcassets */ = {isa = PBXFileReference; lastKnownFileType = folder.assetcatalog; path = "Preview Assets.xcassets"; sourceTree = "<group>"; };
		7279C27D292531A100E27577 /* MCService.swift */ = {isa = PBXFileReference; lastKnownFileType = sourcecode.swift; path = MCService.swift; sourceTree = "<group>"; };
		7279C2802925325000E27577 /* Constants.swift */ = {isa = PBXFileReference; lastKnownFileType = sourcecode.swift; path = Constants.swift; sourceTree = "<group>"; };
		7279C2832925328B00E27577 /* PineAwaitView.swift */ = {isa = PBXFileReference; lastKnownFileType = sourcecode.swift; path = PineAwaitView.swift; sourceTree = "<group>"; };
		7279C2852925332200E27577 /* MessagesView.swift */ = {isa = PBXFileReference; lastKnownFileType = sourcecode.swift; path = MessagesView.swift; sourceTree = "<group>"; };
		7279C2872925364E00E27577 /* Info.plist */ = {isa = PBXFileReference; lastKnownFileType = text.plist; path = Info.plist; sourceTree = "<group>"; };
		7279C28829278DC800E27577 /* HostView.swift */ = {isa = PBXFileReference; lastKnownFileType = sourcecode.swift; path = HostView.swift; sourceTree = "<group>"; };
/* End PBXFileReference section */

/* Begin PBXFrameworksBuildPhase section */
		7279C2682925316900E27577 /* Frameworks */ = {
			isa = PBXFrameworksBuildPhase;
			buildActionMask = 2147483647;
			files = (
			);
			runOnlyForDeploymentPostprocessing = 0;
		};
/* End PBXFrameworksBuildPhase section */

/* Begin PBXGroup section */
		7279C2622925316900E27577 = {
			isa = PBXGroup;
			children = (
				7279C26D2925316900E27577 /* SecretPine */,
				7279C26C2925316900E27577 /* Products */,
			);
			sourceTree = "<group>";
		};
		7279C26C2925316900E27577 /* Products */ = {
			isa = PBXGroup;
			children = (
				7279C26B2925316900E27577 /* SecretPine.app */,
			);
			name = Products;
			sourceTree = "<group>";
		};
		7279C26D2925316900E27577 /* SecretPine */ = {
			isa = PBXGroup;
			children = (
				7279C2872925364E00E27577 /* Info.plist */,
				7279C2822925327D00E27577 /* Views */,
				7279C27F2925323F00E27577 /* Common */,
				7279C27C2925319300E27577 /* Services */,
				7279C26E2925316900E27577 /* SecretPineApp.swift */,
				7279C2702925316900E27577 /* ContentView.swift */,
				7279C2722925316A00E27577 /* Assets.xcassets */,
				7279C2742925316A00E27577 /* Preview Content */,
			);
			path = SecretPine;
			sourceTree = "<group>";
		};
		7279C2742925316A00E27577 /* Preview Content */ = {
			isa = PBXGroup;
			children = (
				7279C2752925316A00E27577 /* Preview Assets.xcassets */,
			);
			path = "Preview Content";
			sourceTree = "<group>";
		};
		7279C27C2925319300E27577 /* Services */ = {
			isa = PBXGroup;
			children = (
				7279C27D292531A100E27577 /* MCService.swift */,
			);
			path = Services;
			sourceTree = "<group>";
		};
		7279C27F2925323F00E27577 /* Common */ = {
			isa = PBXGroup;
			children = (
				7279C2802925325000E27577 /* Constants.swift */,
			);
			path = Common;
			sourceTree = "<group>";
		};
		7279C2822925327D00E27577 /* Views */ = {
			isa = PBXGroup;
			children = (
				7279C2832925328B00E27577 /* PineAwaitView.swift */,
				7279C2852925332200E27577 /* MessagesView.swift */,
				7279C28829278DC800E27577 /* HostView.swift */,
			);
			path = Views;
			sourceTree = "<group>";
		};
/* End PBXGroup section */

/* Begin PBXNativeTarget section */
		7279C26A2925316900E27577 /* SecretPine */ = {
			isa = PBXNativeTarget;
			buildConfigurationList = 7279C2792925316A00E27577 /* Build configuration list for PBXNativeTarget "SecretPine" */;
			buildPhases = (
				7279C2672925316900E27577 /* Sources */,
				7279C2682925316900E27577 /* Frameworks */,
				7279C2692925316900E27577 /* Resources */,
			);
			buildRules = (
			);
			dependencies = (
			);
			name = SecretPine;
			productName = SecretPine;
			productReference = 7279C26B2925316900E27577 /* SecretPine.app */;
			productType = "com.apple.product-type.application";
		};
/* End PBXNativeTarget section */

/* Begin PBXProject section */
		7279C2632925316900E27577 /* Project object */ = {
			isa = PBXProject;
			attributes = {
				BuildIndependentTargetsInParallel = 1;
				LastSwiftUpdateCheck = 1400;
				LastUpgradeCheck = 1400;
				TargetAttributes = {
					7279C26A2925316900E27577 = {
						CreatedOnToolsVersion = 14.0;
					};
				};
			};
			buildConfigurationList = 7279C2662925316900E27577 /* Build configuration list for PBXProject "SecretPine" */;
			compatibilityVersion = "Xcode 14.0";
			developmentRegion = en;
			hasScannedForEncodings = 0;
			knownRegions = (
				en,
				Base,
			);
			mainGroup = 7279C2622925316900E27577;
			productRefGroup = 7279C26C2925316900E27577 /* Products */;
			projectDirPath = "";
			projectRoot = "";
			targets = (
				7279C26A2925316900E27577 /* SecretPine */,
			);
		};
/* End PBXProject section */

/* Begin PBXResourcesBuildPhase section */
		7279C2692925316900E27577 /* Resources */ = {
			isa = PBXResourcesBuildPhase;
			buildActionMask = 2147483647;
			files = (
				7279C2762925316A00E27577 /* Preview Assets.xcassets in Resources */,
				7279C2732925316A00E27577 /* Assets.xcassets in Resources */,
			);
			runOnlyForDeploymentPostprocessing = 0;
		};
/* End PBXResourcesBuildPhase section */

/* Begin PBXSourcesBuildPhase section */
		7279C2672925316900E27577 /* Sources */ = {
			isa = PBXSourcesBuildPhase;
			buildActionMask = 2147483647;
			files = (
				7279C27E292531A100E27577 /* MCService.swift in Sources */,
				7279C2712925316900E27577 /* ContentView.swift in Sources */,
				7279C2862925332200E27577 /* MessagesView.swift in Sources */,
				7279C2842925328B00E27577 /* PineAwaitView.swift in Sources */,
				7279C26F2925316900E27577 /* SecretPineApp.swift in Sources */,
				7279C2812925325000E27577 /* Constants.swift in Sources */,
				7279C28929278DC800E27577 /* HostView.swift in Sources */,
			);
			runOnlyForDeploymentPostprocessing = 0;
		};
/* End PBXSourcesBuildPhase section */

/* Begin XCBuildConfiguration section */
		7279C2772925316A00E27577 /* Debug */ = {
			isa = XCBuildConfiguration;
			buildSettings = {
				ALWAYS_SEARCH_USER_PATHS = NO;
				CLANG_ANALYZER_NONNULL = YES;
				CLANG_ANALYZER_NUMBER_OBJECT_CONVERSION = YES_AGGRESSIVE;
				CLANG_CXX_LANGUAGE_STANDARD = "gnu++20";
				CLANG_ENABLE_MODULES = YES;
				CLANG_ENABLE_OBJC_ARC = YES;
				CLANG_ENABLE_OBJC_WEAK = YES;
				CLANG_WARN_BLOCK_CAPTURE_AUTORELEASING = YES;
				CLANG_WARN_BOOL_CONVERSION = YES;
				CLANG_WARN_COMMA = YES;
				CLANG_WARN_CONSTANT_CONVERSION = YES;
				CLANG_WARN_DEPRECATED_OBJC_IMPLEMENTATIONS = YES;
				CLANG_WARN_DIRECT_OBJC_ISA_USAGE = YES_ERROR;
				CLANG_WARN_DOCUMENTATION_COMMENTS = YES;
				CLANG_WARN_EMPTY_BODY = YES;
				CLANG_WARN_ENUM_CONVERSION = YES;
				CLANG_WARN_INFINITE_RECURSION = YES;
				CLANG_WARN_INT_CONVERSION = YES;
				CLANG_WARN_NON_LITERAL_NULL_CONVERSION = YES;
				CLANG_WARN_OBJC_IMPLICIT_RETAIN_SELF = YES;
				CLANG_WARN_OBJC_LITERAL_CONVERSION = YES;
				CLANG_WARN_OBJC_ROOT_CLASS = YES_ERROR;
				CLANG_WARN_QUOTED_INCLUDE_IN_FRAMEWORK_HEADER = YES;
				CLANG_WARN_RANGE_LOOP_ANALYSIS = YES;
				CLANG_WARN_STRICT_PROTOTYPES = YES;
				CLANG_WARN_SUSPICIOUS_MOVE = YES;
				CLANG_WARN_UNGUARDED_AVAILABILITY = YES_AGGRESSIVE;
				CLANG_WARN_UNREACHABLE_CODE = YES;
				CLANG_WARN__DUPLICATE_METHOD_MATCH = YES;
				COPY_PHASE_STRIP = NO;
				DEBUG_INFORMATION_FORMAT = dwarf;
				ENABLE_STRICT_OBJC_MSGSEND = YES;
				ENABLE_TESTABILITY = YES;
				GCC_C_LANGUAGE_STANDARD = gnu11;
				GCC_DYNAMIC_NO_PIC = NO;
				GCC_NO_COMMON_BLOCKS = YES;
				GCC_OPTIMIZATION_LEVEL = 0;
				GCC_PREPROCESSOR_DEFINITIONS = (
					"DEBUG=1",
					"$(inherited)",
				);
				GCC_WARN_64_TO_32_BIT_CONVERSION = YES;
				GCC_WARN_ABOUT_RETURN_TYPE = YES_ERROR;
				GCC_WARN_UNDECLARED_SELECTOR = YES;
				GCC_WARN_UNINITIALIZED_AUTOS = YES_AGGRESSIVE;
				GCC_WARN_UNUSED_FUNCTION = YES;
				GCC_WARN_UNUSED_VARIABLE = YES;
				IPHONEOS_DEPLOYMENT_TARGET = 16.0;
				MTL_ENABLE_DEBUG_INFO = INCLUDE_SOURCE;
				MTL_FAST_MATH = YES;
				ONLY_ACTIVE_ARCH = YES;
				SDKROOT = iphoneos;
				SWIFT_ACTIVE_COMPILATION_CONDITIONS = DEBUG;
				SWIFT_OPTIMIZATION_LEVEL = "-Onone";
			};
			name = Debug;
		};
		7279C2782925316A00E27577 /* Release */ = {
			isa = XCBuildConfiguration;
			buildSettings = {
				ALWAYS_SEARCH_USER_PATHS = NO;
				CLANG_ANALYZER_NONNULL = YES;
				CLANG_ANALYZER_NUMBER_OBJECT_CONVERSION = YES_AGGRESSIVE;
				CLANG_CXX_LANGUAGE_STANDARD = "gnu++20";
				CLANG_ENABLE_MODULES = YES;
				CLANG_ENABLE_OBJC_ARC = YES;
				CLANG_ENABLE_OBJC_WEAK = YES;
				CLANG_WARN_BLOCK_CAPTURE_AUTORELEASING = YES;
				CLANG_WARN_BOOL_CONVERSION = YES;
				CLANG_WARN_COMMA = YES;
				CLANG_WARN_CONSTANT_CONVERSION = YES;
				CLANG_WARN_DEPRECATED_OBJC_IMPLEMENTATIONS = YES;
				CLANG_WARN_DIRECT_OBJC_ISA_USAGE = YES_ERROR;
				CLANG_WARN_DOCUMENTATION_COMMENTS = YES;
				CLANG_WARN_EMPTY_BODY = YES;
				CLANG_WARN_ENUM_CONVERSION = YES;
				CLANG_WARN_INFINITE_RECURSION = YES;
				CLANG_WARN_INT_CONVERSION = YES;
				CLANG_WARN_NON_LITERAL_NULL_CONVERSION = YES;
				CLANG_WARN_OBJC_IMPLICIT_RETAIN_SELF = YES;
				CLANG_WARN_OBJC_LITERAL_CONVERSION = YES;
				CLANG_WARN_OBJC_ROOT_CLASS = YES_ERROR;
				CLANG_WARN_QUOTED_INCLUDE_IN_FRAMEWORK_HEADER = YES;
				CLANG_WARN_RANGE_LOOP_ANALYSIS = YES;
				CLANG_WARN_STRICT_PROTOTYPES = YES;
				CLANG_WARN_SUSPICIOUS_MOVE = YES;
				CLANG_WARN_UNGUARDED_AVAILABILITY = YES_AGGRESSIVE;
				CLANG_WARN_UNREACHABLE_CODE = YES;
				CLANG_WARN__DUPLICATE_METHOD_MATCH = YES;
				COPY_PHASE_STRIP = NO;
				DEBUG_INFORMATION_FORMAT = "dwarf-with-dsym";
				ENABLE_NS_ASSERTIONS = NO;
				ENABLE_STRICT_OBJC_MSGSEND = YES;
				GCC_C_LANGUAGE_STANDARD = gnu11;
				GCC_NO_COMMON_BLOCKS = YES;
				GCC_WARN_64_TO_32_BIT_CONVERSION = YES;
				GCC_WARN_ABOUT_RETURN_TYPE = YES_ERROR;
				GCC_WARN_UNDECLARED_SELECTOR = YES;
				GCC_WARN_UNINITIALIZED_AUTOS = YES_AGGRESSIVE;
				GCC_WARN_UNUSED_FUNCTION = YES;
				GCC_WARN_UNUSED_VARIABLE = YES;
				IPHONEOS_DEPLOYMENT_TARGET = 16.0;
				MTL_ENABLE_DEBUG_INFO = NO;
				MTL_FAST_MATH = YES;
				SDKROOT = iphoneos;
				SWIFT_COMPILATION_MODE = wholemodule;
				SWIFT_OPTIMIZATION_LEVEL = "-O";
				VALIDATE_PRODUCT = YES;
			};
			name = Release;
		};
		7279C27A2925316A00E27577 /* Debug */ = {
			isa = XCBuildConfiguration;
			buildSettings = {
				ASSETCATALOG_COMPILER_APPICON_NAME = AppIcon;
				ASSETCATALOG_COMPILER_GLOBAL_ACCENT_COLOR_NAME = AccentColor;
				CODE_SIGN_STYLE = Automatic;
				CURRENT_PROJECT_VERSION = 1;
				DEVELOPMENT_ASSET_PATHS = "\"SecretPine/Preview Content\"";
				DEVELOPMENT_TEAM = LHL6WHL3CM;
				ENABLE_PREVIEWS = YES;
				GENERATE_INFOPLIST_FILE = YES;
				INFOPLIST_FILE = SecretPine/Info.plist;
				INFOPLIST_KEY_CFBundleDisplayName = SecretPine;
				INFOPLIST_KEY_NSLocalNetworkUsageDescription = "Это нужно, чтобы обнорожить Сосну";
				INFOPLIST_KEY_UIApplicationSceneManifest_Generation = YES;
				INFOPLIST_KEY_UIApplicationSupportsIndirectInputEvents = YES;
				INFOPLIST_KEY_UILaunchScreen_Generation = YES;
				INFOPLIST_KEY_UISupportedInterfaceOrientations_iPad = "UIInterfaceOrientationPortrait UIInterfaceOrientationPortraitUpsideDown UIInterfaceOrientationLandscapeLeft UIInterfaceOrientationLandscapeRight";
				INFOPLIST_KEY_UISupportedInterfaceOrientations_iPhone = "UIInterfaceOrientationPortrait UIInterfaceOrientationLandscapeLeft UIInterfaceOrientationLandscapeRight";
				IPHONEOS_DEPLOYMENT_TARGET = 15.0;
				LD_RUNPATH_SEARCH_PATHS = (
					"$(inherited)",
					"@executable_path/Frameworks",
				);
				MARKETING_VERSION = 1.0;
				PRODUCT_BUNDLE_IDENTIFIER = com.denrah.SecretPine;
				PRODUCT_NAME = "$(TARGET_NAME)";
				SWIFT_EMIT_LOC_STRINGS = YES;
				SWIFT_VERSION = 5.0;
				TARGETED_DEVICE_FAMILY = "1,2";
			};
			name = Debug;
		};
		7279C27B2925316A00E27577 /* Release */ = {
			isa = XCBuildConfiguration;
			buildSettings = {
				ASSETCATALOG_COMPILER_APPICON_NAME = AppIcon;
				ASSETCATALOG_COMPILER_GLOBAL_ACCENT_COLOR_NAME = AccentColor;
				CODE_SIGN_STYLE = Automatic;
				CURRENT_PROJECT_VERSION = 1;
				DEVELOPMENT_ASSET_PATHS = "\"SecretPine/Preview Content\"";
				DEVELOPMENT_TEAM = LHL6WHL3CM;
				ENABLE_PREVIEWS = YES;
				GENERATE_INFOPLIST_FILE = YES;
				INFOPLIST_FILE = SecretPine/Info.plist;
				INFOPLIST_KEY_CFBundleDisplayName = SecretPine;
				INFOPLIST_KEY_NSLocalNetworkUsageDescription = "Это нужно, чтобы обнорожить Сосну";
				INFOPLIST_KEY_UIApplicationSceneManifest_Generation = YES;
				INFOPLIST_KEY_UIApplicationSupportsIndirectInputEvents = YES;
				INFOPLIST_KEY_UILaunchScreen_Generation = YES;
				INFOPLIST_KEY_UISupportedInterfaceOrientations_iPad = "UIInterfaceOrientationPortrait UIInterfaceOrientationPortraitUpsideDown UIInterfaceOrientationLandscapeLeft UIInterfaceOrientationLandscapeRight";
				INFOPLIST_KEY_UISupportedInterfaceOrientations_iPhone = "UIInterfaceOrientationPortrait UIInterfaceOrientationLandscapeLeft UIInterfaceOrientationLandscapeRight";
				IPHONEOS_DEPLOYMENT_TARGET = 15.0;
				LD_RUNPATH_SEARCH_PATHS = (
					"$(inherited)",
					"@executable_path/Frameworks",
				);
				MARKETING_VERSION = 1.0;
				PRODUCT_BUNDLE_IDENTIFIER = com.denrah.SecretPine;
				PRODUCT_NAME = "$(TARGET_NAME)";
				SWIFT_EMIT_LOC_STRINGS = YES;
				SWIFT_VERSION = 5.0;
				TARGETED_DEVICE_FAMILY = "1,2";
			};
			name = Release;
		};
/* End XCBuildConfiguration section */

/* Begin XCConfigurationList section */
		7279C2662925316900E27577 /* Build configuration list for PBXProject "SecretPine" */ = {
			isa = XCConfigurationList;
			buildConfigurations = (
				7279C2772925316A00E27577 /* Debug */,
				7279C2782925316A00E27577 /* Release */,
			);
			defaultConfigurationIsVisible = 0;
			defaultConfigurationName = Release;
		};
		7279C2792925316A00E27577 /* Build configuration list for PBXNativeTarget "SecretPine" */ = {
			isa = XCConfigurationList;
			buildConfigurations = (
				7279C27A2925316A00E27577 /* Debug */,
				7279C27B2925316A00E27577 /* Release */,
			);
			defaultConfigurationIsVisible = 0;
			defaultConfigurationName = Release;
		};
/* End XCConfigurationList section */
	};
	rootObject = 7279C2632925316900E27577 /* Project object */;
}
